
Microsoft Visual Studio Solution File, Format Version 12.00
# Visual Studio Version 17
VisualStudioVersion = 17.14.36127.28
MinimumVisualStudioVersion = 10.0.40219.1
Project("{FAE04EC0-301F-11D3-BF4B-00C04F79EFBC}") = "RoboSalvamento", "RoboSalvamento.csproj", "{5BB32C55-ABA9-4BDC-9A9B-41B417BB5BED}"
EndProject
Project("{FAE04EC0-301F-11D3-BF4B-00C04F79EFBC}") = "RoboSalvamento.Tests", "..\RoboSalvamento.Tests\RoboSalvamento.Tests.csproj", "{5C12B3EB-0A0B-493C-B7CA-F41AF24FEE70}"
EndProject
Global
	GlobalSection(SolutionConfigurationPlatforms) = preSolution
		Debug|Any CPU = Debug|Any CPU
		Release|Any CPU = Release|Any CPU
	EndGlobalSection
	GlobalSection(ProjectConfigurationPlatforms) = postSolution
		{5BB32C55-ABA9-4BDC-9A9B-41B417BB5BED}.Debug|Any CPU.ActiveCfg = Debug|Any CPU
		{5BB32C55-ABA9-4BDC-9A9B-41B417BB5BED}.Debug|Any CPU.Build.0 = Debug|Any CPU
		{5BB32C55-ABA9-4BDC-9A9B-41B417BB5BED}.Release|Any CPU.ActiveCfg = Release|Any CPU
		{5BB32C55-ABA9-4BDC-9A9B-41B417BB5BED}.Release|Any CPU.Build.0 = Release|Any CPU
		{5C12B3EB-0A0B-493C-B7CA-F41AF24FEE70}.Debug|Any CPU.ActiveCfg = Debug|Any CPU
		{5C12B3EB-0A0B-493C-B7CA-F41AF24FEE70}.Debug|Any CPU.Build.0 = Debug|Any CPU
		{5C12B3EB-0A0B-493C-B7CA-F41AF24FEE70}.Release|Any CPU.ActiveCfg = Release|Any CPU
		{5C12B3EB-0A0B-493C-B7CA-F41AF24FEE70}.Release|Any CPU.Build.0 = Release|Any CPU
	EndGlobalSection
	GlobalSection(SolutionProperties) = preSolution
		HideSolutionNode = FALSE
	EndGlobalSection
	GlobalSection(ExtensibilityGlobals) = postSolution
		SolutionGuid = {5D9F8134-3B05-484E-95C7-67BFD7A9EFE9}
	EndGlobalSection
EndGlobal
