
Microsoft Visual Studio Solution File, Format Version 12.00
# Visual Studio Version 17
VisualStudioVersion = 17.14.36127.28
MinimumVisualStudioVersion = 10.0.40219.1
Project("{2150E333-8FDC-42A3-9474-1A3956D46DE8}") = "src", "src", "{02EA681E-C7D8-13C7-8484-4AC65E1B71E8}"
EndProject
Project("{2150E333-8FDC-42A3-9474-1A3956D46DE8}") = "tests", "tests", "{258FD4B2-523C-437C-85CC-EB7E4955D0D2}"
EndProject
Project("{FAE04EC0-301F-11D3-BF4B-00C04F79EFBC}") = "RoboSalvamento", "src\RoboSalvamento\RoboSalvamento.csproj", "{8F329583-0B1E-12C9-591A-56D622416AA5}"
EndProject
Project("{FAE04EC0-301F-11D3-BF4B-00C04F79EFBC}") = "RoboVisualizador", "src\RoboVisualizador\RoboVisualizador.csproj", "{25D8C9EE-57D7-68DE-DCCE-61D6AE929D29}"
EndProject
Project("{FAE04EC0-301F-11D3-BF4B-00C04F79EFBC}") = "RoboSalvamento.Tests", "tests\RoboSalvamento.Tests\RoboSalvamento.Tests.csproj", "{E61F7616-69A8-360B-9C24-51DE13907E20}"
EndProject
Project("{2150E333-8FDC-42A3-9474-1A3956D46DE8}") = "Itens de Solução", "Itens de Solução", "{380A7511-A354-6D7A-0CC0-8FA1F1BA7B6C}"
	ProjectSection(SolutionItems) = preProject
		README.md = README.md
	EndProjectSection
EndProject
Global
	GlobalSection(SolutionConfigurationPlatforms) = preSolution
		Debug|Any CPU = Debug|Any CPU
		Release|Any CPU = Release|Any CPU
	EndGlobalSection
	GlobalSection(ProjectConfigurationPlatforms) = postSolution
		{8F329583-0B1E-12C9-591A-56D622416AA5}.Debug|Any CPU.ActiveCfg = Debug|Any CPU
		{8F329583-0B1E-12C9-591A-56D622416AA5}.Debug|Any CPU.Build.0 = Debug|Any CPU
		{8F329583-0B1E-12C9-591A-56D622416AA5}.Release|Any CPU.ActiveCfg = Release|Any CPU
		{8F329583-0B1E-12C9-591A-56D622416AA5}.Release|Any CPU.Build.0 = Release|Any CPU
		{25D8C9EE-57D7-68DE-DCCE-61D6AE929D29}.Debug|Any CPU.ActiveCfg = Debug|Any CPU
		{25D8C9EE-57D7-68DE-DCCE-61D6AE929D29}.Debug|Any CPU.Build.0 = Debug|Any CPU
		{25D8C9EE-57D7-68DE-DCCE-61D6AE929D29}.Release|Any CPU.ActiveCfg = Release|Any CPU
		{25D8C9EE-57D7-68DE-DCCE-61D6AE929D29}.Release|Any CPU.Build.0 = Release|Any CPU
		{E61F7616-69A8-360B-9C24-51DE13907E20}.Debug|Any CPU.ActiveCfg = Debug|Any CPU
		{E61F7616-69A8-360B-9C24-51DE13907E20}.Debug|Any CPU.Build.0 = Debug|Any CPU
		{E61F7616-69A8-360B-9C24-51DE13907E20}.Release|Any CPU.ActiveCfg = Release|Any CPU
		{E61F7616-69A8-360B-9C24-51DE13907E20}.Release|Any CPU.Build.0 = Release|Any CPU
	EndGlobalSection
	GlobalSection(SolutionProperties) = preSolution
		HideSolutionNode = FALSE
	EndGlobalSection
	GlobalSection(NestedProjects) = preSolution
		{8F329583-0B1E-12C9-591A-56D622416AA5} = {02EA681E-C7D8-13C7-8484-4AC65E1B71E8}
		{25D8C9EE-57D7-68DE-DCCE-61D6AE929D29} = {02EA681E-C7D8-13C7-8484-4AC65E1B71E8}
		{E61F7616-69A8-360B-9C24-51DE13907E20} = {258FD4B2-523C-437C-85CC-EB7E4955D0D2}
	EndGlobalSection
	GlobalSection(ExtensibilityGlobals) = postSolution
		SolutionGuid = {5D9F8134-3B05-484E-95C7-67BFD7A9EFE9}
	EndGlobalSection
EndGlobal
